
Microsoft Visual Studio Solution File, Format Version 12.00
# Visual Studio Version 17
VisualStudioVersion = 17.8.34511.84
MinimumVisualStudioVersion = 10.0.40219.1
Project("{FAE04EC0-301F-11D3-BF4B-00C04F79EFBC}") = "Gyakorlas_GUI_car_dealers", "Gyakorlas_GUI_car_dealers.csproj", "{25331AFD-DF72-4E67-975F-C767981D66BD}"
EndProject
Global
	GlobalSection(SolutionConfigurationPlatforms) = preSolution
		Debug|Any CPU = Debug|Any CPU
		Release|Any CPU = Release|Any CPU
	EndGlobalSection
	GlobalSection(ProjectConfigurationPlatforms) = postSolution
		{25331AFD-DF72-4E67-975F-C767981D66BD}.Debug|Any CPU.ActiveCfg = Debug|Any CPU
		{25331AFD-DF72-4E67-975F-C767981D66BD}.Debug|Any CPU.Build.0 = Debug|Any CPU
		{25331AFD-DF72-4E67-975F-C767981D66BD}.Release|Any CPU.ActiveCfg = Release|Any CPU
		{25331AFD-DF72-4E67-975F-C767981D66BD}.Release|Any CPU.Build.0 = Release|Any CPU
	EndGlobalSection
	GlobalSection(SolutionProperties) = preSolution
		HideSolutionNode = FALSE
	EndGlobalSection
	GlobalSection(ExtensibilityGlobals) = postSolution
		SolutionGuid = {4F376643-D9C2-4CAA-AF42-A0319965CEC7}
	EndGlobalSection
EndGlobal
